// !$*UTF8*$!
{
	archiveVersion = 1;
	classes = {};
	objectVersion = 56;
	objects = {
/* Begin PBXBuildFile section */
		99E0BAB162114EBDAA37F4F9 /* AppDelegate.swift in Sources */ = {isa = PBXBuildFile; fileRef = 94669779EDD24FB9B61284DE /* AppDelegate.swift */; };
		770BD420CBB44B378A3A6DA3 /* Theme.swift in Sources */ = {isa = PBXBuildFile; fileRef = C1F14B954F2144CEAC920C33 /* Theme.swift */; };
		979521F522E0416DBF007DE3 /* Commands.swift in Sources */ = {isa = PBXBuildFile; fileRef = 336417145EF340D1A374EA25 /* Commands.swift */; };
		F97F7175AD034A3E8FC42916 /* ContentView.swift in Sources */ = {isa = PBXBuildFile; fileRef = F5A24AC15B3A40D9A9E938F7 /* ContentView.swift */; };
		9BD6C117966B4D1ABB6B1D8C /* SISRApp.swift in Sources */ = {isa = PBXBuildFile; fileRef = 5B27A0BFB07B4DDC9BD92F25 /* SISRApp.swift */; };
		FDAB63E6F92E4AFD9152E8CB /* AppSettings.swift in Sources */ = {isa = PBXBuildFile; fileRef = D538AA1F6EB54D2AB75E44F4 /* AppSettings.swift */; };
		24FEDB5778B349FFAE5957CB /* BookmarkStore.swift in Sources */ = {isa = PBXBuildFile; fileRef = 94E14550E0D443F2893FE7A1 /* BookmarkStore.swift */; };
		AFCF5435460F4EDB9C86C012 /* ProjectPersistence.swift in Sources */ = {isa = PBXBuildFile; fileRef = 76451DC204DE4F3586B9F36D /* ProjectPersistence.swift */; };
		D5EC88C85B4B48B29FE7DC6A /* RenderController.swift in Sources */ = {isa = PBXBuildFile; fileRef = 48CCC419EEAF4DAB8E0A2A61 /* RenderController.swift */; };
		86042042D4474677977D62A8 /* SettingsView.swift in Sources */ = {isa = PBXBuildFile; fileRef = 5736210B69BC4814B9B5BD76 /* SettingsView.swift */; };
		75BE2B7BBB8F4C00B1EA1B96 /* SiteLinks.swift in Sources */ = {isa = PBXBuildFile; fileRef = CFF6C2E81CAF48A0AAB5F88C /* SiteLinks.swift */; };
		3562FC055BAB477CB97F46EB /* InspectorView.swift in Sources */ = {isa = PBXBuildFile; fileRef = 9C7A37171750426F88EA2048 /* InspectorView.swift */; };
		1134E5E605374DF5BCE1BB65 /* RenderProgressCard.swift in Sources */ = {isa = PBXBuildFile; fileRef = D956D15835054476AB4AF671 /* RenderProgressCard.swift */; };
		6B9CA0C9EB5C4384A07EAFC2 /* SidebarView.swift in Sources */ = {isa = PBXBuildFile; fileRef = 54D0C267BF504D069F2D660A /* SidebarView.swift */; };
		34BC044D012745DE9E8B58CA /* TimelineView.swift in Sources */ = {isa = PBXBuildFile; fileRef = 49F52FD709E94E2D9DFDE516 /* TimelineView.swift */; };
		D520E639D94D40F29067E989 /* BurnInOverlayPreview.swift in Sources */ = {isa = PBXBuildFile; fileRef = B640E4AE40E0454F8DF4C38B /* BurnInOverlayPreview.swift */; };
		D7E184CC46434B6AA7841047 /* CropOverlayView.swift in Sources */ = {isa = PBXBuildFile; fileRef = 9DD41AE347CE47A3A18DB520 /* CropOverlayView.swift */; };
		A3ADCD6617DB4CE2AF3970FA /* PlaybackController.swift in Sources */ = {isa = PBXBuildFile; fileRef = EBAF3A936B264430B15E51A6 /* PlaybackController.swift */; };
		079A9718D82E4D4091DA2565 /* ViewerView.swift in Sources */ = {isa = PBXBuildFile; fileRef = A46C145284CD431191B0B1F6 /* ViewerView.swift */; };
		44F9DE67FDDD41E08932F93B /* Assets.xcassets in Resources */ = {isa = PBXBuildFile; fileRef = 405D9095A93548B8826D2EDC /* Assets.xcassets */; };
		E4CFE32E30D343B395C1350E /* PrivacyInfo.xcprivacy in Resources */ = {isa = PBXBuildFile; fileRef = C9C218AE9AB54F8BAAD7DD11 /* PrivacyInfo.xcprivacy */; };
		43C210E9AE53471E80191662 /* SISRKit in Frameworks */ = {isa = PBXBuildFile; productRef = 7E363B7FDD98459C9A1D64E7 /* SISRKit */; };
/* End PBXBuildFile section */
/* Begin PBXFileReference section */
		9DD785365D6C4A2D846A1A5D /* SISR.app */ = {isa = PBXFileReference; explicitFileType = wrapper.application; includeInIndex = 0; path = SISR.app; sourceTree = BUILT_PRODUCTS_DIR; };
		94669779EDD24FB9B61284DE /* AppDelegate.swift */ = {isa = PBXFileReference; lastKnownFileType = sourcecode.swift; name = AppDelegate.swift; path = AppDelegate.swift; sourceTree = "<group>"; };
		C1F14B954F2144CEAC920C33 /* Appearance/Theme.swift */ = {isa = PBXFileReference; lastKnownFileType = sourcecode.swift; name = Theme.swift; path = Appearance/Theme.swift; sourceTree = "<group>"; };
		336417145EF340D1A374EA25 /* Commands.swift */ = {isa = PBXFileReference; lastKnownFileType = sourcecode.swift; name = Commands.swift; path = Commands.swift; sourceTree = "<group>"; };
		F5A24AC15B3A40D9A9E938F7 /* ContentView.swift */ = {isa = PBXFileReference; lastKnownFileType = sourcecode.swift; name = ContentView.swift; path = ContentView.swift; sourceTree = "<group>"; };
		5B27A0BFB07B4DDC9BD92F25 /* SISRApp.swift */ = {isa = PBXFileReference; lastKnownFileType = sourcecode.swift; name = SISRApp.swift; path = SISRApp.swift; sourceTree = "<group>"; };
		D538AA1F6EB54D2AB75E44F4 /* Services/AppSettings.swift */ = {isa = PBXFileReference; lastKnownFileType = sourcecode.swift; name = AppSettings.swift; path = Services/AppSettings.swift; sourceTree = "<group>"; };
		94E14550E0D443F2893FE7A1 /* Services/BookmarkStore.swift */ = {isa = PBXFileReference; lastKnownFileType = sourcecode.swift; name = BookmarkStore.swift; path = Services/BookmarkStore.swift; sourceTree = "<group>"; };
		76451DC204DE4F3586B9F36D /* Services/ProjectPersistence.swift */ = {isa = PBXFileReference; lastKnownFileType = sourcecode.swift; name = ProjectPersistence.swift; path = Services/ProjectPersistence.swift; sourceTree = "<group>"; };
		48CCC419EEAF4DAB8E0A2A61 /* Services/RenderController.swift */ = {isa = PBXFileReference; lastKnownFileType = sourcecode.swift; name = RenderController.swift; path = Services/RenderController.swift; sourceTree = "<group>"; };
		5736210B69BC4814B9B5BD76 /* SettingsView.swift */ = {isa = PBXFileReference; lastKnownFileType = sourcecode.swift; name = SettingsView.swift; path = SettingsView.swift; sourceTree = "<group>"; };
		CFF6C2E81CAF48A0AAB5F88C /* SiteLinks.swift */ = {isa = PBXFileReference; lastKnownFileType = sourcecode.swift; name = SiteLinks.swift; path = SiteLinks.swift; sourceTree = "<group>"; };
		9C7A37171750426F88EA2048 /* Views/Inspector/InspectorView.swift */ = {isa = PBXFileReference; lastKnownFileType = sourcecode.swift; name = InspectorView.swift; path = Views/Inspector/InspectorView.swift; sourceTree = "<group>"; };
		D956D15835054476AB4AF671 /* Views/Render/RenderProgressCard.swift */ = {isa = PBXFileReference; lastKnownFileType = sourcecode.swift; name = RenderProgressCard.swift; path = Views/Render/RenderProgressCard.swift; sourceTree = "<group>"; };
		54D0C267BF504D069F2D660A /* Views/Sidebar/SidebarView.swift */ = {isa = PBXFileReference; lastKnownFileType = sourcecode.swift; name = SidebarView.swift; path = Views/Sidebar/SidebarView.swift; sourceTree = "<group>"; };
		49F52FD709E94E2D9DFDE516 /* Views/Timeline/TimelineView.swift */ = {isa = PBXFileReference; lastKnownFileType = sourcecode.swift; name = TimelineView.swift; path = Views/Timeline/TimelineView.swift; sourceTree = "<group>"; };
		B640E4AE40E0454F8DF4C38B /* Views/Viewer/BurnInOverlayPreview.swift */ = {isa = PBXFileReference; lastKnownFileType = sourcecode.swift; name = BurnInOverlayPreview.swift; path = Views/Viewer/BurnInOverlayPreview.swift; sourceTree = "<group>"; };
		9DD41AE347CE47A3A18DB520 /* Views/Viewer/CropOverlayView.swift */ = {isa = PBXFileReference; lastKnownFileType = sourcecode.swift; name = CropOverlayView.swift; path = Views/Viewer/CropOverlayView.swift; sourceTree = "<group>"; };
		EBAF3A936B264430B15E51A6 /* Views/Viewer/PlaybackController.swift */ = {isa = PBXFileReference; lastKnownFileType = sourcecode.swift; name = PlaybackController.swift; path = Views/Viewer/PlaybackController.swift; sourceTree = "<group>"; };
		A46C145284CD431191B0B1F6 /* Views/Viewer/ViewerView.swift */ = {isa = PBXFileReference; lastKnownFileType = sourcecode.swift; name = ViewerView.swift; path = Views/Viewer/ViewerView.swift; sourceTree = "<group>"; };
		405D9095A93548B8826D2EDC /* Assets.xcassets */ = {isa = PBXFileReference; lastKnownFileType = folder.assetcatalog; path = Assets.xcassets; sourceTree = "<group>"; };
		C9C218AE9AB54F8BAAD7DD11 /* PrivacyInfo.xcprivacy */ = {isa = PBXFileReference; lastKnownFileType = text.xml; path = PrivacyInfo.xcprivacy; sourceTree = "<group>"; };
		074048B95F4B4C0E9123595F /* Info.plist */ = {isa = PBXFileReference; lastKnownFileType = text.plist.xml; path = Info.plist; sourceTree = "<group>"; };
		F820E4EA210E4DCD9C0B6783 /* SISR.entitlements */ = {isa = PBXFileReference; lastKnownFileType = text.plist.entitlements; path = SISR.entitlements; sourceTree = "<group>"; };
/* End PBXFileReference section */
/* Begin PBXFrameworksBuildPhase section */
		96029E1330DE42B1B7623D5E /* Frameworks */ = {
			isa = PBXFrameworksBuildPhase;
			buildActionMask = 2147483647;
			files = (
				43C210E9AE53471E80191662 /* SISRKit in Frameworks */,
			);
			runOnlyForDeploymentPostprocessing = 0;
		};
/* End PBXFrameworksBuildPhase section */
/* Begin PBXGroup section */
		7F0C2786A49044FAB54227E7 = {
			isa = PBXGroup;
			children = (
				24CB6ED9CD73430FA2EEE322 /* SISR */,
				1C6CAA76257E40F3AD4A436A /* Products */,
			);
			sourceTree = "<group>";
		};
		1C6CAA76257E40F3AD4A436A /* Products */ = {
			isa = PBXGroup;
			children = (
				9DD785365D6C4A2D846A1A5D /* SISR.app */,
			);
			name = Products;
			sourceTree = "<group>";
		};
		24CB6ED9CD73430FA2EEE322 /* SISR */ = {
			isa = PBXGroup;
			children = (
				94669779EDD24FB9B61284DE /* AppDelegate.swift */,
				C1F14B954F2144CEAC920C33 /* Theme.swift */,
				336417145EF340D1A374EA25 /* Commands.swift */,
				F5A24AC15B3A40D9A9E938F7 /* ContentView.swift */,
				5B27A0BFB07B4DDC9BD92F25 /* SISRApp.swift */,
				D538AA1F6EB54D2AB75E44F4 /* AppSettings.swift */,
				94E14550E0D443F2893FE7A1 /* BookmarkStore.swift */,
				76451DC204DE4F3586B9F36D /* ProjectPersistence.swift */,
				48CCC419EEAF4DAB8E0A2A61 /* RenderController.swift */,
				5736210B69BC4814B9B5BD76 /* SettingsView.swift */,
				CFF6C2E81CAF48A0AAB5F88C /* SiteLinks.swift */,
				9C7A37171750426F88EA2048 /* InspectorView.swift */,
				D956D15835054476AB4AF671 /* RenderProgressCard.swift */,
				54D0C267BF504D069F2D660A /* SidebarView.swift */,
				49F52FD709E94E2D9DFDE516 /* TimelineView.swift */,
				B640E4AE40E0454F8DF4C38B /* BurnInOverlayPreview.swift */,
				9DD41AE347CE47A3A18DB520 /* CropOverlayView.swift */,
				EBAF3A936B264430B15E51A6 /* PlaybackController.swift */,
				A46C145284CD431191B0B1F6 /* ViewerView.swift */,
				405D9095A93548B8826D2EDC /* Assets.xcassets */,
				C9C218AE9AB54F8BAAD7DD11 /* PrivacyInfo.xcprivacy */,
				074048B95F4B4C0E9123595F /* Info.plist */,
				F820E4EA210E4DCD9C0B6783 /* SISR.entitlements */,
			);
			path = SISR;
			sourceTree = "<group>";
		};
/* End PBXGroup section */
/* Begin PBXNativeTarget section */
		CC7432BC31B147ED833752D8 /* SISR */ = {
			isa = PBXNativeTarget;
			buildConfigurationList = 43B82E331E0E4BCE955B24AF /* Build configuration list for PBXNativeTarget "SISR" */;
			buildPhases = (
				424A2A3B372C4818A21EB26B /* Sources */,
				96029E1330DE42B1B7623D5E /* Frameworks */,
				5B9C98D7FE3443F5AE4DC49C /* Resources */,
			);
			buildRules = (
			);
			dependencies = (
			);
			name = SISR;
			packageProductDependencies = (7E363B7FDD98459C9A1D64E7 /* SISRKit */,);
			productName = SISR;
			productReference = 9DD785365D6C4A2D846A1A5D /* SISR.app */;
			productType = "com.apple.product-type.application";
		};
/* End PBXNativeTarget section */
/* Begin PBXProject section */
		7DE5E585BEEB4D0DAF9E509A /* Project object */ = {
			isa = PBXProject;
			attributes = {LastSwiftUpdateCheck = 1500; LastUpgradeCheck = 1500;};
			buildConfigurationList = 0328EB5A49D04242AC70FC9B /* Build configuration list for PBXProject "SISR" */;
			compatibilityVersion = "Xcode 14.0";
			developmentRegion = en;
			hasScannedForEncodings = 0;
			knownRegions = (en, Base,);
			mainGroup = 7F0C2786A49044FAB54227E7;
			packageReferences = (60C0E5D773FA4AFAB5EBA9E6 /* XCLocalSwiftPackageReference */,);
			productRefGroup = 1C6CAA76257E40F3AD4A436A /* Products */;
			projectDirPath = "";
			projectRoot = "";
			targets = (CC7432BC31B147ED833752D8 /* SISR */,);
		};
/* End PBXProject section */
/* Begin PBXResourcesBuildPhase section */
		5B9C98D7FE3443F5AE4DC49C /* Resources */ = {
			isa = PBXResourcesBuildPhase;
			buildActionMask = 2147483647;
			files = (
				44F9DE67FDDD41E08932F93B /* Assets.xcassets in Resources */,
				E4CFE32E30D343B395C1350E /* PrivacyInfo.xcprivacy in Resources */,
			);
			runOnlyForDeploymentPostprocessing = 0;
		};
/* End PBXResourcesBuildPhase section */
/* Begin PBXSourcesBuildPhase section */
		424A2A3B372C4818A21EB26B /* Sources */ = {
			isa = PBXSourcesBuildPhase;
			buildActionMask = 2147483647;
			files = (
				99E0BAB162114EBDAA37F4F9 /* AppDelegate.swift in Sources */,
				770BD420CBB44B378A3A6DA3 /* Theme.swift in Sources */,
				979521F522E0416DBF007DE3 /* Commands.swift in Sources */,
				F97F7175AD034A3E8FC42916 /* ContentView.swift in Sources */,
				9BD6C117966B4D1ABB6B1D8C /* SISRApp.swift in Sources */,
				FDAB63E6F92E4AFD9152E8CB /* AppSettings.swift in Sources */,
				24FEDB5778B349FFAE5957CB /* BookmarkStore.swift in Sources */,
				AFCF5435460F4EDB9C86C012 /* ProjectPersistence.swift in Sources */,
				D5EC88C85B4B48B29FE7DC6A /* RenderController.swift in Sources */,
				86042042D4474677977D62A8 /* SettingsView.swift in Sources */,
				75BE2B7BBB8F4C00B1EA1B96 /* SiteLinks.swift in Sources */,
				3562FC055BAB477CB97F46EB /* InspectorView.swift in Sources */,
				1134E5E605374DF5BCE1BB65 /* RenderProgressCard.swift in Sources */,
				6B9CA0C9EB5C4384A07EAFC2 /* SidebarView.swift in Sources */,
				34BC044D012745DE9E8B58CA /* TimelineView.swift in Sources */,
				D520E639D94D40F29067E989 /* BurnInOverlayPreview.swift in Sources */,
				D7E184CC46434B6AA7841047 /* CropOverlayView.swift in Sources */,
				A3ADCD6617DB4CE2AF3970FA /* PlaybackController.swift in Sources */,
				079A9718D82E4D4091DA2565 /* ViewerView.swift in Sources */,
			);
			runOnlyForDeploymentPostprocessing = 0;
		};
/* End PBXSourcesBuildPhase section */
/* Begin XCBuildConfiguration section */
		F2B704A58ECA4855A2D4F76E /* Debug */ = {
			isa = XCBuildConfiguration;
			buildSettings = {
				ALWAYS_SEARCH_USER_PATHS = NO;
				CLANG_ENABLE_MODULES = YES;
				MACOSX_DEPLOYMENT_TARGET = 14.0;
				SDKROOT = macosx;
				SWIFT_VERSION = 5.9;
				DEBUG_INFORMATION_FORMAT = dwarf;
				ONLY_ACTIVE_ARCH = YES;
				SWIFT_OPTIMIZATION_LEVEL = "-Onone";
				SWIFT_ACTIVE_COMPILATION_CONDITIONS = DEBUG;
			};
			name = Debug;
		};
		59E0D4A57BC14817B127260E /* Release */ = {
			isa = XCBuildConfiguration;
			buildSettings = {
				ALWAYS_SEARCH_USER_PATHS = NO;
				CLANG_ENABLE_MODULES = YES;
				MACOSX_DEPLOYMENT_TARGET = 14.0;
				SDKROOT = macosx;
				SWIFT_VERSION = 5.9;
				COPY_PHASE_STRIP = NO;
				DEBUG_INFORMATION_FORMAT = "dwarf-with-dsym";
				SWIFT_COMPILATION_MODE = wholemodule;
			};
			name = Release;
		};
		76F8B7942F7145AAA32AEC90 /* Debug */ = {
			isa = XCBuildConfiguration;
			buildSettings = {
				ASSETCATALOG_COMPILER_APPICON_NAME = AppIcon;
				CODE_SIGN_ENTITLEMENTS = SISR/SISR.entitlements;
				CODE_SIGN_STYLE = Automatic;
				COMBINE_HIDPI_IMAGES = YES;
				CURRENT_PROJECT_VERSION = 4;
				DEVELOPMENT_TEAM = 2D8MBBQWXH;
				ENABLE_HARDENED_RUNTIME = YES;
				GENERATE_INFOPLIST_FILE = NO;
				INFOPLIST_FILE = SISR/Info.plist;
				LD_RUNPATH_SEARCH_PATHS = ("$(inherited)", "@executable_path/../Frameworks");
				MACOSX_DEPLOYMENT_TARGET = 14.0;
				MARKETING_VERSION = 1.0.3;
				PRODUCT_BUNDLE_IDENTIFIER = com.timelapsetech.sisr;
				PRODUCT_NAME = "$(TARGET_NAME)";
				SWIFT_VERSION = 5.9;
			};
			name = Debug;
		};
		194ED0A07BCC438B9D15C8FB /* Release */ = {
			isa = XCBuildConfiguration;
			buildSettings = {
				ASSETCATALOG_COMPILER_APPICON_NAME = AppIcon;
				CODE_SIGN_ENTITLEMENTS = SISR/SISR.entitlements;
				CODE_SIGN_STYLE = Automatic;
				COMBINE_HIDPI_IMAGES = YES;
				CURRENT_PROJECT_VERSION = 4;
				DEVELOPMENT_TEAM = 2D8MBBQWXH;
				ENABLE_HARDENED_RUNTIME = YES;
				GENERATE_INFOPLIST_FILE = NO;
				INFOPLIST_FILE = SISR/Info.plist;
				LD_RUNPATH_SEARCH_PATHS = ("$(inherited)", "@executable_path/../Frameworks");
				MACOSX_DEPLOYMENT_TARGET = 14.0;
				MARKETING_VERSION = 1.0.3;
				PRODUCT_BUNDLE_IDENTIFIER = com.timelapsetech.sisr;
				PRODUCT_NAME = "$(TARGET_NAME)";
				SWIFT_VERSION = 5.9;
				DEBUG_INFORMATION_FORMAT = "dwarf-with-dsym";
				STRIP_INSTALLED_PRODUCT = YES;
				STRIP_STYLE = "non-global";
			};
			name = Release;
		};
/* End XCBuildConfiguration section */
/* Begin XCConfigurationList section */
		0328EB5A49D04242AC70FC9B /* Build configuration list for PBXProject "SISR" */ = {
			isa = XCConfigurationList;
			buildConfigurations = (F2B704A58ECA4855A2D4F76E /* Debug */, 59E0D4A57BC14817B127260E /* Release */,);
			defaultConfigurationIsVisible = 0;
			defaultConfigurationName = Release;
		};
		43B82E331E0E4BCE955B24AF /* Build configuration list for PBXNativeTarget "SISR" */ = {
			isa = XCConfigurationList;
			buildConfigurations = (76F8B7942F7145AAA32AEC90 /* Debug */, 194ED0A07BCC438B9D15C8FB /* Release */,);
			defaultConfigurationIsVisible = 0;
			defaultConfigurationName = Release;
		};
/* End XCConfigurationList section */
/* Begin XCLocalSwiftPackageReference section */
		60C0E5D773FA4AFAB5EBA9E6 /* XCLocalSwiftPackageReference */ = {
			isa = XCLocalSwiftPackageReference;
			relativePath = Packages/SISRKit;
		};
/* End XCLocalSwiftPackageReference section */
/* Begin XCSwiftPackageProductDependency section */
		7E363B7FDD98459C9A1D64E7 /* SISRKit */ = {
			isa = XCSwiftPackageProductDependency;
			package = 60C0E5D773FA4AFAB5EBA9E6 /* XCLocalSwiftPackageReference */;
			productName = SISRKit;
		};
/* End XCSwiftPackageProductDependency section */
	};
	rootObject = 7DE5E585BEEB4D0DAF9E509A /* Project object */;
}
